{
  "name": "digitalpigeon",
  "version": "1.0.0",
  "lockfileVersion": 2,
  "requires": true,
  "packages": {
    "": {
      "name": "digitalpigeon",
      "version": "1.0.0",
      "license": "MIT",
      "dependencies": {
        "itty-router": "^2.5.2",
        "purecss": "^2.1.0",
        "uuid": "^8.3.2"
      },
      "devDependencies": {
        "prettier": "^1.18.2"
      }
    },
    "node_modules/itty-router": {
      "version": "2.5.2",
      "resolved": "https://registry.npmjs.org/itty-router/-/itty-router-2.5.2.tgz",
      "integrity": "sha512-igVdp/qoMe7aMnwB1eI9OCgV9HGyQlQ9LBDWPMSDkoYv7SpcxZp0t86noQcXKCSVK2B7y7z8d5SiaNbRMLUIyg=="
    },
    "node_modules/prettier": {
      "version": "1.19.1",
      "resolved": "https://registry.npmjs.org/prettier/-/prettier-1.19.1.tgz",
      "integrity": "sha512-s7PoyDv/II1ObgQunCbB9PdLmUcBZcnWOcxDh7O0N/UwDEsHyqkW+Qh28jW+mVuCdx7gLB0BotYI1Y6uI9iyew==",
      "dev": true,
      "bin": {
        "prettier": "bin-prettier.js"
      },
      "engines": {
        "node": ">=4"
      }
    },
    "node_modules/purecss": {
      "version": "2.1.0",
      "resolved": "https://registry.npmjs.org/purecss/-/purecss-2.1.0.tgz",
      "integrity": "sha512-QIgWhat8QkHTXdejFJNwZuw0pZ7Mj0MHILHNz8sV6HZBfbWtHpW3b1+Q1D6W/9x4chFhaq9u4+Uk8YbwELzsXg=="
    },
    "node_modules/uuid": {
      "version": "8.3.2",
      "resolved": "https://registry.npmjs.org/uuid/-/uuid-8.3.2.tgz",
      "integrity": "sha512-+NYs2QeMWy+GWFOEm9xnn6HCDp0l7QBD7ml8zLUmJ+93Q5NF0NocErnwkTkXVFNiX3/fpC6afS8Dhb/gz7R7eg==",
      "bin": {
        "uuid": "dist/bin/uuid"
      }
    }
  },
  "dependencies": {
    "itty-router": {
      "version": "2.5.2",
      "resolved": "https://registry.npmjs.org/itty-router/-/itty-router-2.5.2.tgz",
      "integrity": "sha512-igVdp/qoMe7aMnwB1eI9OCgV9HGyQlQ9LBDWPMSDkoYv7SpcxZp0t86noQcXKCSVK2B7y7z8d5SiaNbRMLUIyg=="
    },
    "prettier": {
      "version": "1.19.1",
      "resolved": "https://registry.npmjs.org/prettier/-/prettier-1.19.1.tgz",
      "integrity": "sha512-s7PoyDv/II1ObgQunCbB9PdLmUcBZcnWOcxDh7O0N/UwDEsHyqkW+Qh28jW+mVuCdx7gLB0BotYI1Y6uI9iyew==",
      "dev": true
    },
    "purecss": {
      "version": "2.1.0",
      "resolved": "https://registry.npmjs.org/purecss/-/purecss-2.1.0.tgz",
      "integrity": "sha512-QIgWhat8QkHTXdejFJNwZuw0pZ7Mj0MHILHNz8sV6HZBfbWtHpW3b1+Q1D6W/9x4chFhaq9u4+Uk8YbwELzsXg=="
    },
    "uuid": {
      "version": "8.3.2",
      "resolved": "https://registry.npmjs.org/uuid/-/uuid-8.3.2.tgz",
      "integrity": "sha512-+NYs2QeMWy+GWFOEm9xnn6HCDp0l7QBD7ml8zLUmJ+93Q5NF0NocErnwkTkXVFNiX3/fpC6afS8Dhb/gz7R7eg=="
    }
  }
}
